// !$*UTF8*$!
{
	archiveVersion = 1;
	classes = {
	};
	objectVersion = 46;
	objects = {

/* Begin PBXBuildFile section */
		CC0F5556152A4D5900824A57 /* Cocoa.framework in Frameworks */ = {isa = PBXBuildFile; fileRef = CC0F5555152A4D5900824A57 /* Cocoa.framework */; };
		CC0F5582152A5A8F00824A57 /* VPPlugin.framework in Frameworks */ = {isa = PBXBuildFile; fileRef = CC0F5581152A5A8F00824A57 /* VPPlugin.framework */; };
		CCE9FABD15D465AE0053528A /* VPBlogHelp.rtfd in Resources */ = {isa = PBXBuildFile; fileRef = CCE9FABC15D465AE0053528A /* VPBlogHelp.rtfd */; };
		CCE9FAC415D465CD0053528A /* VPBlog-Info.plist in Resources */ = {isa = PBXBuildFile; fileRef = CCE9FABF15D465CD0053528A /* VPBlog-Info.plist */; };
		CCE9FAC515D465CD0053528A /* VPBlogExportScript.jstalk in Resources */ = {isa = PBXBuildFile; fileRef = CCE9FAC015D465CD0053528A /* VPBlogExportScript.jstalk */; };
		CCE9FAC615D465CD0053528A /* VPBlogPageEntryTemplate.html in Resources */ = {isa = PBXBuildFile; fileRef = CCE9FAC115D465CD0053528A /* VPBlogPageEntryTemplate.html */; };
		CCE9FAC715D465CD0053528A /* VPBPaletteController.xib in Resources */ = {isa = PBXBuildFile; fileRef = CCE9FAC215D465CD0053528A /* VPBPaletteController.xib */; };
		CCE9FAC815D465CD0053528A /* VPWebExportPageTemplate.html in Resources */ = {isa = PBXBuildFile; fileRef = CCE9FAC315D465CD0053528A /* VPWebExportPageTemplate.html */; };
		CCE9FAC915D465CD0053528A /* VPBlogHelp.rtfd in Resources */ = {isa = PBXBuildFile; fileRef = CCE9FABC15D465AE0053528A /* VPBlogHelp.rtfd */; };
		CCE9FAD115D465EB0053528A /* InfoPlist.strings in Resources */ = {isa = PBXBuildFile; fileRef = CCE9FACF15D465EB0053528A /* InfoPlist.strings */; };
		CCE9FADA15D466070053528A /* VPBlogPlugin.m in Sources */ = {isa = PBXBuildFile; fileRef = CCE9FAD415D466070053528A /* VPBlogPlugin.m */; };
		CCE9FADB15D466070053528A /* VPBPaletteController.m in Sources */ = {isa = PBXBuildFile; fileRef = CCE9FAD615D466070053528A /* VPBPaletteController.m */; };
		CCE9FADC15D466070053528A /* VPBWriter.m in Sources */ = {isa = PBXBuildFile; fileRef = CCE9FAD815D466070053528A /* VPBWriter.m */; };
/* End PBXBuildFile section */

/* Begin PBXFileReference section */
		CC0F5552152A4D5900824A57 /* Static.vpplugin */ = {isa = PBXFileReference; explicitFileType = wrapper.cfbundle; includeInIndex = 0; path = Static.vpplugin; sourceTree = BUILT_PRODUCTS_DIR; };
		CC0F5555152A4D5900824A57 /* Cocoa.framework */ = {isa = PBXFileReference; lastKnownFileType = wrapper.framework; name = Cocoa.framework; path = System/Library/Frameworks/Cocoa.framework; sourceTree = SDKROOT; };
		CC0F5558152A4D5900824A57 /* AppKit.framework */ = {isa = PBXFileReference; lastKnownFileType = wrapper.framework; name = AppKit.framework; path = System/Library/Frameworks/AppKit.framework; sourceTree = SDKROOT; };
		CC0F5559152A4D5900824A57 /* CoreData.framework */ = {isa = PBXFileReference; lastKnownFileType = wrapper.framework; name = CoreData.framework; path = System/Library/Frameworks/CoreData.framework; sourceTree = SDKROOT; };
		CC0F555A152A4D5900824A57 /* Foundation.framework */ = {isa = PBXFileReference; lastKnownFileType = wrapper.framework; name = Foundation.framework; path = System/Library/Frameworks/Foundation.framework; sourceTree = SDKROOT; };
		CC0F5581152A5A8F00824A57 /* VPPlugin.framework */ = {isa = PBXFileReference; lastKnownFileType = wrapper.framework; name = VPPlugin.framework; path = ../VPPlugin.framework; sourceTree = "<group>"; };
		CCE9FABC15D465AE0053528A /* VPBlogHelp.rtfd */ = {isa = PBXFileReference; lastKnownFileType = wrapper.rtfd; name = VPBlogHelp.rtfd; path = Static/VPBlogHelp.rtfd; sourceTree = SOURCE_ROOT; };
		CCE9FABF15D465CD0053528A /* VPBlog-Info.plist */ = {isa = PBXFileReference; fileEncoding = 4; lastKnownFileType = text.plist.xml; name = "VPBlog-Info.plist"; path = "Static/VPBlog-Info.plist"; sourceTree = SOURCE_ROOT; };
		CCE9FAC015D465CD0053528A /* VPBlogExportScript.jstalk */ = {isa = PBXFileReference; fileEncoding = 4; lastKnownFileType = text; name = VPBlogExportScript.jstalk; path = Static/VPBlogExportScript.jstalk; sourceTree = SOURCE_ROOT; };
		CCE9FAC115D465CD0053528A /* VPBlogPageEntryTemplate.html */ = {isa = PBXFileReference; fileEncoding = 4; lastKnownFileType = text.html; name = VPBlogPageEntryTemplate.html; path = Static/VPBlogPageEntryTemplate.html; sourceTree = SOURCE_ROOT; };
		CCE9FAC215D465CD0053528A /* VPBPaletteController.xib */ = {isa = PBXFileReference; fileEncoding = 4; lastKnownFileType = file.xib; name = VPBPaletteController.xib; path = Static/VPBPaletteController.xib; sourceTree = SOURCE_ROOT; };
		CCE9FAC315D465CD0053528A /* VPWebExportPageTemplate.html */ = {isa = PBXFileReference; fileEncoding = 4; lastKnownFileType = text.html; name = VPWebExportPageTemplate.html; path = Static/VPWebExportPageTemplate.html; sourceTree = SOURCE_ROOT; };
		CCE9FAD015D465EB0053528A /* en */ = {isa = PBXFileReference; lastKnownFileType = text.plist.strings; name = en; path = Static/en.lproj/InfoPlist.strings; sourceTree = SOURCE_ROOT; };
		CCE9FAD215D466070053528A /* VPBlog-Prefix.pch */ = {isa = PBXFileReference; fileEncoding = 4; lastKnownFileType = sourcecode.c.h; name = "VPBlog-Prefix.pch"; path = "Static/VPBlog-Prefix.pch"; sourceTree = SOURCE_ROOT; };
		CCE9FAD315D466070053528A /* VPBlogPlugin.h */ = {isa = PBXFileReference; fileEncoding = 4; lastKnownFileType = sourcecode.c.h; name = VPBlogPlugin.h; path = Static/VPBlogPlugin.h; sourceTree = SOURCE_ROOT; };
		CCE9FAD415D466070053528A /* VPBlogPlugin.m */ = {isa = PBXFileReference; fileEncoding = 4; lastKnownFileType = sourcecode.c.objc; name = VPBlogPlugin.m; path = Static/VPBlogPlugin.m; sourceTree = SOURCE_ROOT; };
		CCE9FAD515D466070053528A /* VPBPaletteController.h */ = {isa = PBXFileReference; fileEncoding = 4; lastKnownFileType = sourcecode.c.h; name = VPBPaletteController.h; path = Static/VPBPaletteController.h; sourceTree = SOURCE_ROOT; };
		CCE9FAD615D466070053528A /* VPBPaletteController.m */ = {isa = PBXFileReference; fileEncoding = 4; lastKnownFileType = sourcecode.c.objc; name = VPBPaletteController.m; path = Static/VPBPaletteController.m; sourceTree = SOURCE_ROOT; };
		CCE9FAD715D466070053528A /* VPBWriter.h */ = {isa = PBXFileReference; fileEncoding = 4; lastKnownFileType = sourcecode.c.h; name = VPBWriter.h; path = Static/VPBWriter.h; sourceTree = SOURCE_ROOT; };
		CCE9FAD815D466070053528A /* VPBWriter.m */ = {isa = PBXFileReference; fileEncoding = 4; lastKnownFileType = sourcecode.c.objc; name = VPBWriter.m; path = Static/VPBWriter.m; sourceTree = SOURCE_ROOT; };
		CCE9FAD915D466070053528A /* VPPrivateStuff.h */ = {isa = PBXFileReference; fileEncoding = 4; lastKnownFileType = sourcecode.c.h; name = VPPrivateStuff.h; path = Static/VPPrivateStuff.h; sourceTree = SOURCE_ROOT; };
/* End PBXFileReference section */

/* Begin PBXFrameworksBuildPhase section */
		CC0F554F152A4D5900824A57 /* Frameworks */ = {
			isa = PBXFrameworksBuildPhase;
			buildActionMask = 2147483647;
			files = (
				CC0F5556152A4D5900824A57 /* Cocoa.framework in Frameworks */,
				CC0F5582152A5A8F00824A57 /* VPPlugin.framework in Frameworks */,
			);
			runOnlyForDeploymentPostprocessing = 0;
		};
/* End PBXFrameworksBuildPhase section */

/* Begin PBXGroup section */
		CC0F5547152A4D5900824A57 = {
			isa = PBXGroup;
			children = (
				CC0F555B152A4D5900824A57 /* VPBlog */,
				CC0F5554152A4D5900824A57 /* Frameworks */,
				CC0F5553152A4D5900824A57 /* Products */,
			);
			sourceTree = "<group>";
		};
		CC0F5553152A4D5900824A57 /* Products */ = {
			isa = PBXGroup;
			children = (
				CC0F5552152A4D5900824A57 /* Static.vpplugin */,
			);
			name = Products;
			sourceTree = "<group>";
		};
		CC0F5554152A4D5900824A57 /* Frameworks */ = {
			isa = PBXGroup;
			children = (
				CC0F5581152A5A8F00824A57 /* VPPlugin.framework */,
				CC0F5555152A4D5900824A57 /* Cocoa.framework */,
				CC0F5557152A4D5900824A57 /* Other Frameworks */,
			);
			name = Frameworks;
			sourceTree = "<group>";
		};
		CC0F5557152A4D5900824A57 /* Other Frameworks */ = {
			isa = PBXGroup;
			children = (
				CC0F5558152A4D5900824A57 /* AppKit.framework */,
				CC0F5559152A4D5900824A57 /* CoreData.framework */,
				CC0F555A152A4D5900824A57 /* Foundation.framework */,
			);
			name = "Other Frameworks";
			sourceTree = "<group>";
		};
		CC0F555B152A4D5900824A57 /* VPBlog */ = {
			isa = PBXGroup;
			children = (
				CC0F555C152A4D5900824A57 /* Resources */,
				CCE9FAD215D466070053528A /* VPBlog-Prefix.pch */,
				CCE9FAD315D466070053528A /* VPBlogPlugin.h */,
				CCE9FAD415D466070053528A /* VPBlogPlugin.m */,
				CCE9FAD515D466070053528A /* VPBPaletteController.h */,
				CCE9FAD615D466070053528A /* VPBPaletteController.m */,
				CCE9FAD715D466070053528A /* VPBWriter.h */,
				CCE9FAD815D466070053528A /* VPBWriter.m */,
				CCE9FAD915D466070053528A /* VPPrivateStuff.h */,
			);
			path = VPBlog;
			sourceTree = "<group>";
		};
		CC0F555C152A4D5900824A57 /* Resources */ = {
			isa = PBXGroup;
			children = (
				CCE9FABF15D465CD0053528A /* VPBlog-Info.plist */,
				CCE9FAC015D465CD0053528A /* VPBlogExportScript.jstalk */,
				CCE9FAC115D465CD0053528A /* VPBlogPageEntryTemplate.html */,
				CCE9FAC215D465CD0053528A /* VPBPaletteController.xib */,
				CCE9FAC315D465CD0053528A /* VPWebExportPageTemplate.html */,
				CCE9FABC15D465AE0053528A /* VPBlogHelp.rtfd */,
				CCE9FACF15D465EB0053528A /* InfoPlist.strings */,
			);
			name = Resources;
			sourceTree = "<group>";
		};
/* End PBXGroup section */

/* Begin PBXNativeTarget section */
		CC0F5551152A4D5900824A57 /* VPBlog */ = {
			isa = PBXNativeTarget;
			buildConfigurationList = CC0F5564152A4D5900824A57 /* Build configuration list for PBXNativeTarget "VPBlog" */;
			buildPhases = (
				CC0F554E152A4D5900824A57 /* Sources */,
				CC0F554F152A4D5900824A57 /* Frameworks */,
				CC0F5550152A4D5900824A57 /* Resources */,
			);
			buildRules = (
			);
			dependencies = (
			);
			name = VPBlog;
			productName = VPBlog;
			productReference = CC0F5552152A4D5900824A57 /* Static.vpplugin */;
			productType = "com.apple.product-type.bundle";
		};
/* End PBXNativeTarget section */

/* Begin PBXProject section */
		CC0F5549152A4D5900824A57 /* Project object */ = {
			isa = PBXProject;
			attributes = {
				LastUpgradeCheck = 0430;
				ORGANIZATIONNAME = "Flying Meat";
			};
			buildConfigurationList = CC0F554C152A4D5900824A57 /* Build configuration list for PBXProject "Static" */;
			compatibilityVersion = "Xcode 3.2";
			developmentRegion = English;
			hasScannedForEncodings = 0;
			knownRegions = (
				en,
			);
			mainGroup = CC0F5547152A4D5900824A57;
			productRefGroup = CC0F5553152A4D5900824A57 /* Products */;
			projectDirPath = "";
			projectRoot = "";
			targets = (
				CC0F5551152A4D5900824A57 /* VPBlog */,
			);
		};
/* End PBXProject section */

/* Begin PBXResourcesBuildPhase section */
		CC0F5550152A4D5900824A57 /* Resources */ = {
			isa = PBXResourcesBuildPhase;
			buildActionMask = 2147483647;
			files = (
				CCE9FABD15D465AE0053528A /* VPBlogHelp.rtfd in Resources */,
				CCE9FAC415D465CD0053528A /* VPBlog-Info.plist in Resources */,
				CCE9FAC515D465CD0053528A /* VPBlogExportScript.jstalk in Resources */,
				CCE9FAC615D465CD0053528A /* VPBlogPageEntryTemplate.html in Resources */,
				CCE9FAC715D465CD0053528A /* VPBPaletteController.xib in Resources */,
				CCE9FAC815D465CD0053528A /* VPWebExportPageTemplate.html in Resources */,
				CCE9FAC915D465CD0053528A /* VPBlogHelp.rtfd in Resources */,
				CCE9FAD115D465EB0053528A /* InfoPlist.strings in Resources */,
			);
			runOnlyForDeploymentPostprocessing = 0;
		};
/* End PBXResourcesBuildPhase section */

/* Begin PBXSourcesBuildPhase section */
		CC0F554E152A4D5900824A57 /* Sources */ = {
			isa = PBXSourcesBuildPhase;
			buildActionMask = 2147483647;
			files = (
				CCE9FADA15D466070053528A /* VPBlogPlugin.m in Sources */,
				CCE9FADB15D466070053528A /* VPBPaletteController.m in Sources */,
				CCE9FADC15D466070053528A /* VPBWriter.m in Sources */,
			);
			runOnlyForDeploymentPostprocessing = 0;
		};
/* End PBXSourcesBuildPhase section */

/* Begin PBXVariantGroup section */
		CCE9FACF15D465EB0053528A /* InfoPlist.strings */ = {
			isa = PBXVariantGroup;
			children = (
				CCE9FAD015D465EB0053528A /* en */,
			);
			name = InfoPlist.strings;
			sourceTree = "<group>";
		};
/* End PBXVariantGroup section */

/* Begin XCBuildConfiguration section */
		CC0F5562152A4D5900824A57 /* Debug */ = {
			isa = XCBuildConfiguration;
			buildSettings = {
				ALWAYS_SEARCH_USER_PATHS = NO;
				ARCHS = "$(ARCHS_STANDARD_64_BIT)";
				COPY_PHASE_STRIP = NO;
				GCC_C_LANGUAGE_STANDARD = gnu99;
				GCC_DYNAMIC_NO_PIC = NO;
				GCC_ENABLE_OBJC_EXCEPTIONS = YES;
				GCC_OPTIMIZATION_LEVEL = 0;
				GCC_PREPROCESSOR_DEFINITIONS = (
					"DEBUG=1",
					"$(inherited)",
				);
				GCC_SYMBOLS_PRIVATE_EXTERN = NO;
				GCC_VERSION = com.apple.compilers.llvm.clang.1_0;
				GCC_WARN_64_TO_32_BIT_CONVERSION = YES;
				GCC_WARN_ABOUT_RETURN_TYPE = YES;
				GCC_WARN_UNINITIALIZED_AUTOS = YES;
				GCC_WARN_UNUSED_VARIABLE = YES;
				MACOSX_DEPLOYMENT_TARGET = 10.7;
				ONLY_ACTIVE_ARCH = YES;
				SDKROOT = macosx10.7;
			};
			name = Debug;
		};
		CC0F5563152A4D5900824A57 /* Release */ = {
			isa = XCBuildConfiguration;
			buildSettings = {
				ALWAYS_SEARCH_USER_PATHS = NO;
				ARCHS = "$(ARCHS_STANDARD_64_BIT)";
				COPY_PHASE_STRIP = YES;
				DEBUG_INFORMATION_FORMAT = "dwarf-with-dsym";
				GCC_C_LANGUAGE_STANDARD = gnu99;
				GCC_ENABLE_OBJC_EXCEPTIONS = YES;
				GCC_VERSION = com.apple.compilers.llvm.clang.1_0;
				GCC_WARN_64_TO_32_BIT_CONVERSION = YES;
				GCC_WARN_ABOUT_RETURN_TYPE = YES;
				GCC_WARN_UNINITIALIZED_AUTOS = YES;
				GCC_WARN_UNUSED_VARIABLE = YES;
				MACOSX_DEPLOYMENT_TARGET = 10.7;
				SDKROOT = macosx10.7;
			};
			name = Release;
		};
		CC0F5565152A4D5900824A57 /* Debug */ = {
			isa = XCBuildConfiguration;
			buildSettings = {
				FRAMEWORK_SEARCH_PATHS = (
					"$(inherited)",
					"\"$(SRCROOT)/..\"",
				);
				GCC_PRECOMPILE_PREFIX_HEADER = YES;
				GCC_PREFIX_HEADER = "Static/VPBlog-Prefix.pch";
				INFOPLIST_FILE = "Static/VPBlog-Info.plist";
				INSTALL_PATH = "$(LOCAL_LIBRARY_DIR)/Bundles";
				PRODUCT_NAME = Static;
				WRAPPER_EXTENSION = vpplugin;
			};
			name = Debug;
		};
		CC0F5566152A4D5900824A57 /* Release */ = {
			isa = XCBuildConfiguration;
			buildSettings = {
				FRAMEWORK_SEARCH_PATHS = (
					"$(inherited)",
					"\"$(SRCROOT)/..\"",
				);
				GCC_PRECOMPILE_PREFIX_HEADER = YES;
				GCC_PREFIX_HEADER = "Static/VPBlog-Prefix.pch";
				INFOPLIST_FILE = "Static/VPBlog-Info.plist";
				INSTALL_PATH = "$(LOCAL_LIBRARY_DIR)/Bundles";
				PRODUCT_NAME = Static;
				WRAPPER_EXTENSION = vpplugin;
			};
			name = Release;
		};
/* End XCBuildConfiguration section */

/* Begin XCConfigurationList section */
		CC0F554C152A4D5900824A57 /* Build configuration list for PBXProject "Static" */ = {
			isa = XCConfigurationList;
			buildConfigurations = (
				CC0F5562152A4D5900824A57 /* Debug */,
				CC0F5563152A4D5900824A57 /* Release */,
			);
			defaultConfigurationIsVisible = 0;
			defaultConfigurationName = Release;
		};
		CC0F5564152A4D5900824A57 /* Build configuration list for PBXNativeTarget "VPBlog" */ = {
			isa = XCConfigurationList;
			buildConfigurations = (
				CC0F5565152A4D5900824A57 /* Debug */,
				CC0F5566152A4D5900824A57 /* Release */,
			);
			defaultConfigurationIsVisible = 0;
			defaultConfigurationName = Release;
		};
/* End XCConfigurationList section */
	};
	rootObject = CC0F5549152A4D5900824A57 /* Project object */;
}
